{
  "nodes": {
    "nixpkgs": {
      "locked": {
        "lastModified": 1681028957,
        "narHash": "sha256-gKWkKT/nFg2d9HZyK7VAjRzkyPfKLx+uIGyWXDw0NB0=",
        "owner": "NixOS",
        "repo": "nixpkgs",
        "rev": "11c129c16f4051ad215ea7b0d297a6c7cf5d24d7",
        "type": "github"
      },
      "original": {
        "id": "nixpkgs",
        "type": "indirect"
      }
    },
    "nixseparatedebuginfod": {
      "locked": {
        "lastModified": 1681041600,
        "narHash": "sha256-2lCSfSKkEcSxrHIAe+bBw94xYBrrMFk1Hy9PsRxw2yQ=",
        "owner": "symphorien",
        "repo": "nixseparatedebuginfod",
        "rev": "ce88bc6e3c72700ce2d43a8f3a87e8d6c9ae8515",
        "type": "github"
      },
      "original": {
        "owner": "symphorien",
        "repo": "nixseparatedebuginfod",
        "type": "github"
      }
    },
    "root": {
      "inputs": {
        "nixpkgs": "nixpkgs",
        "nixseparatedebuginfod": "nixseparatedebuginfod"
      }
    }
  },
  "root": "root",
  "version": 7
}
